[[package]]
name = "urlEncode"
version = "0.1.0"
dependencies = [
 "urlparse 0.7.3 (registry+https://github.com/rust-lang/crates.io-index)",
]

[[package]]
name = "urlparse"
version = "0.7.3"
source = "registry+https://github.com/rust-lang/crates.io-index"

[metadata]
"checksum urlparse 0.7.3 (registry+https://github.com/rust-lang/crates.io-index)" = "110352d4e9076c67839003c7788d8604e24dcded13e0b375af3efaa8cf468517"
