[[package]]
name = "lzw"
version = "0.10.0"
source = "registry+https://github.com/rust-lang/crates.io-index"

[[package]]
name = "lzw-compression"
version = "0.1.0"
dependencies = [
 "lzw 0.10.0 (registry+https://github.com/rust-lang/crates.io-index)",
]

[metadata]
"checksum lzw 0.10.0 (registry+https://github.com/rust-lang/crates.io-index)" = "7d947cbb889ed21c2a84be6ffbaebf5b4e0f4340638cba0444907e38b56be084"
